
Microsoft Visual Studio Solution File, Format Version 12.00
# Visual Studio Version 17
VisualStudioVersion = 17.7.34024.191
MinimumVisualStudioVersion = 10.0.40219.1
Project("{FAE04EC0-301F-11D3-BF4B-00C04F79EFBC}") = "ReSplash", "ReSplash\ReSplash.csproj", "{369F76FE-C5BC-413D-AEF2-B99D1034C74E}"
EndProject
Global
	GlobalSection(SolutionConfigurationPlatforms) = preSolution
		Debug|Any CPU = Debug|Any CPU
		Release|Any CPU = Release|Any CPU
	EndGlobalSection
	GlobalSection(ProjectConfigurationPlatforms) = postSolution
		{369F76FE-C5BC-413D-AEF2-B99D1034C74E}.Debug|Any CPU.ActiveCfg = Debug|Any CPU
		{369F76FE-C5BC-413D-AEF2-B99D1034C74E}.Debug|Any CPU.Build.0 = Debug|Any CPU
		{369F76FE-C5BC-413D-AEF2-B99D1034C74E}.Release|Any CPU.ActiveCfg = Release|Any CPU
		{369F76FE-C5BC-413D-AEF2-B99D1034C74E}.Release|Any CPU.Build.0 = Release|Any CPU
	EndGlobalSection
	GlobalSection(SolutionProperties) = preSolution
		HideSolutionNode = FALSE
	EndGlobalSection
	GlobalSection(ExtensibilityGlobals) = postSolution
		SolutionGuid = {DB88EB33-0F52-4074-BC82-7E9DA8DF6BB6}
	EndGlobalSection
EndGlobal
